
Microsoft Visual Studio Solution File, Format Version 12.00
# Visual Studio Version 17
VisualStudioVersion = 17.0.32112.339
MinimumVisualStudioVersion = 10.0.40219.1
Project("{9A19103F-16F7-4668-BE54-9A1E7A4F7556}") = "Yzk18Main.MVC", "Yzk18Main.MVC\Yzk18Main.MVC.csproj", "{7A1DD809-D9C7-4169-8327-40EFD9AC2126}"
EndProject
Project("{2150E333-8FDC-42A3-9474-1A3956D46DE8}") = "Articles", "Articles", "{DB85B187-424E-4B30-B2B7-28196E66A015}"
EndProject
Project("{9A19103F-16F7-4668-BE54-9A1E7A4F7556}") = "Articles.Domain", "Articles\Articles.Domain\Articles.Domain.csproj", "{4AACC038-DAF7-4F43-9AB1-61613FF501F8}"
EndProject
Project("{9A19103F-16F7-4668-BE54-9A1E7A4F7556}") = "Articles.Infrastructure", "Articles\Articles.Infrastructure\Articles.Infrastructure.csproj", "{831136B0-4A68-4D46-8C79-C1D63B822968}"
EndProject
Project("{9A19103F-16F7-4668-BE54-9A1E7A4F7556}") = "MVCCommonInitializer", "MVCCommonInitializer\MVCCommonInitializer.csproj", "{1307EDFE-1676-4729-A323-EE58DA21D976}"
EndProject
Project("{2150E333-8FDC-42A3-9474-1A3956D46DE8}") = "Identities", "Identities", "{20BE150A-D6B8-4D9B-BC11-D63A0AF1F5BD}"
EndProject
Project("{9A19103F-16F7-4668-BE54-9A1E7A4F7556}") = "Identities.Domain", "Identities\Identities.Domain\Identities.Domain.csproj", "{749370A2-0F40-4BDF-A45D-3FF6770669F8}"
EndProject
Project("{9A19103F-16F7-4668-BE54-9A1E7A4F7556}") = "Identities.Infrastructure", "Identities\Identities.Infrastructure\Identities.Infrastructure.csproj", "{89940019-B5C4-4692-A0D2-E3ADBCE9EC31}"
EndProject
Project("{9A19103F-16F7-4668-BE54-9A1E7A4F7556}") = "Yzk18AdminUI", "Yzk18AdminUI\Yzk18AdminUI.csproj", "{F28047E5-29E1-40E8-BB00-F98A41E785E4}"
EndProject
Global
	GlobalSection(SolutionConfigurationPlatforms) = preSolution
		Debug|Any CPU = Debug|Any CPU
		Release|Any CPU = Release|Any CPU
	EndGlobalSection
	GlobalSection(ProjectConfigurationPlatforms) = postSolution
		{7A1DD809-D9C7-4169-8327-40EFD9AC2126}.Debug|Any CPU.ActiveCfg = Debug|Any CPU
		{7A1DD809-D9C7-4169-8327-40EFD9AC2126}.Debug|Any CPU.Build.0 = Debug|Any CPU
		{7A1DD809-D9C7-4169-8327-40EFD9AC2126}.Release|Any CPU.ActiveCfg = Release|Any CPU
		{7A1DD809-D9C7-4169-8327-40EFD9AC2126}.Release|Any CPU.Build.0 = Release|Any CPU
		{4AACC038-DAF7-4F43-9AB1-61613FF501F8}.Debug|Any CPU.ActiveCfg = Debug|Any CPU
		{4AACC038-DAF7-4F43-9AB1-61613FF501F8}.Debug|Any CPU.Build.0 = Debug|Any CPU
		{4AACC038-DAF7-4F43-9AB1-61613FF501F8}.Release|Any CPU.ActiveCfg = Release|Any CPU
		{4AACC038-DAF7-4F43-9AB1-61613FF501F8}.Release|Any CPU.Build.0 = Release|Any CPU
		{831136B0-4A68-4D46-8C79-C1D63B822968}.Debug|Any CPU.ActiveCfg = Debug|Any CPU
		{831136B0-4A68-4D46-8C79-C1D63B822968}.Debug|Any CPU.Build.0 = Debug|Any CPU
		{831136B0-4A68-4D46-8C79-C1D63B822968}.Release|Any CPU.ActiveCfg = Release|Any CPU
		{831136B0-4A68-4D46-8C79-C1D63B822968}.Release|Any CPU.Build.0 = Release|Any CPU
		{1307EDFE-1676-4729-A323-EE58DA21D976}.Debug|Any CPU.ActiveCfg = Debug|Any CPU
		{1307EDFE-1676-4729-A323-EE58DA21D976}.Debug|Any CPU.Build.0 = Debug|Any CPU
		{1307EDFE-1676-4729-A323-EE58DA21D976}.Release|Any CPU.ActiveCfg = Release|Any CPU
		{1307EDFE-1676-4729-A323-EE58DA21D976}.Release|Any CPU.Build.0 = Release|Any CPU
		{749370A2-0F40-4BDF-A45D-3FF6770669F8}.Debug|Any CPU.ActiveCfg = Debug|Any CPU
		{749370A2-0F40-4BDF-A45D-3FF6770669F8}.Debug|Any CPU.Build.0 = Debug|Any CPU
		{749370A2-0F40-4BDF-A45D-3FF6770669F8}.Release|Any CPU.ActiveCfg = Release|Any CPU
		{749370A2-0F40-4BDF-A45D-3FF6770669F8}.Release|Any CPU.Build.0 = Release|Any CPU
		{89940019-B5C4-4692-A0D2-E3ADBCE9EC31}.Debug|Any CPU.ActiveCfg = Debug|Any CPU
		{89940019-B5C4-4692-A0D2-E3ADBCE9EC31}.Debug|Any CPU.Build.0 = Debug|Any CPU
		{89940019-B5C4-4692-A0D2-E3ADBCE9EC31}.Release|Any CPU.ActiveCfg = Release|Any CPU
		{89940019-B5C4-4692-A0D2-E3ADBCE9EC31}.Release|Any CPU.Build.0 = Release|Any CPU
		{F28047E5-29E1-40E8-BB00-F98A41E785E4}.Debug|Any CPU.ActiveCfg = Debug|Any CPU
		{F28047E5-29E1-40E8-BB00-F98A41E785E4}.Debug|Any CPU.Build.0 = Debug|Any CPU
		{F28047E5-29E1-40E8-BB00-F98A41E785E4}.Release|Any CPU.ActiveCfg = Release|Any CPU
		{F28047E5-29E1-40E8-BB00-F98A41E785E4}.Release|Any CPU.Build.0 = Release|Any CPU
	EndGlobalSection
	GlobalSection(SolutionProperties) = preSolution
		HideSolutionNode = FALSE
	EndGlobalSection
	GlobalSection(NestedProjects) = preSolution
		{4AACC038-DAF7-4F43-9AB1-61613FF501F8} = {DB85B187-424E-4B30-B2B7-28196E66A015}
		{831136B0-4A68-4D46-8C79-C1D63B822968} = {DB85B187-424E-4B30-B2B7-28196E66A015}
		{749370A2-0F40-4BDF-A45D-3FF6770669F8} = {20BE150A-D6B8-4D9B-BC11-D63A0AF1F5BD}
		{89940019-B5C4-4692-A0D2-E3ADBCE9EC31} = {20BE150A-D6B8-4D9B-BC11-D63A0AF1F5BD}
	EndGlobalSection
	GlobalSection(ExtensibilityGlobals) = postSolution
		SolutionGuid = {90352664-D523-4120-9412-2DB6BC095DB2}
	EndGlobalSection
EndGlobal
