
Microsoft Visual Studio Solution File, Format Version 12.00
# Visual Studio Version 17
VisualStudioVersion = 17.0.32112.339
MinimumVisualStudioVersion = 10.0.40219.1
Project("{9A19103F-16F7-4668-BE54-9A1E7A4F7556}") = "Yzk18Main.MVC", "Yzk18Main.MVC\Yzk18Main.MVC.csproj", "{7A1DD809-D9C7-4169-8327-40EFD9AC2126}"
EndProject
Project("{2150E333-8FDC-42A3-9474-1A3956D46DE8}") = "Articles", "Articles", "{DB85B187-424E-4B30-B2B7-28196E66A015}"
EndProject
Project("{9A19103F-16F7-4668-BE54-9A1E7A4F7556}") = "Articles.Domain", "Articles\Articles.Domain\Articles.Domain.csproj", "{4AACC038-DAF7-4F43-9AB1-61613FF501F8}"
EndProject
Project("{9A19103F-16F7-4668-BE54-9A1E7A4F7556}") = "Articles.Infrastructure", "Articles\Articles.Infrastructure\Articles.Infrastructure.csproj", "{831136B0-4A68-4D46-8C79-C1D63B822968}"
EndProject
Project("{9A19103F-16F7-4668-BE54-9A1E7A4F7556}") = "MVCCommonInitializer", "MVCCommonInitializer\MVCCommonInitializer.csproj", "{1307EDFE-1676-4729-A323-EE58DA21D976}"
EndProject
Project("{FAE04EC0-301F-11D3-BF4B-00C04F79EFBC}") = "Yzk18AdminUI", "Yzk18AdminUI\Yzk18AdminUI.csproj", "{541A1474-6AF6-4A92-B9D7-8AF39AC4B10B}"
EndProject
Global
	GlobalSection(SolutionConfigurationPlatforms) = preSolution
		Debug|Any CPU = Debug|Any CPU
		Release|Any CPU = Release|Any CPU
	EndGlobalSection
	GlobalSection(ProjectConfigurationPlatforms) = postSolution
		{7A1DD809-D9C7-4169-8327-40EFD9AC2126}.Debug|Any CPU.ActiveCfg = Debug|Any CPU
		{7A1DD809-D9C7-4169-8327-40EFD9AC2126}.Debug|Any CPU.Build.0 = Debug|Any CPU
		{7A1DD809-D9C7-4169-8327-40EFD9AC2126}.Release|Any CPU.ActiveCfg = Release|Any CPU
		{7A1DD809-D9C7-4169-8327-40EFD9AC2126}.Release|Any CPU.Build.0 = Release|Any CPU
		{4AACC038-DAF7-4F43-9AB1-61613FF501F8}.Debug|Any CPU.ActiveCfg = Debug|Any CPU
		{4AACC038-DAF7-4F43-9AB1-61613FF501F8}.Debug|Any CPU.Build.0 = Debug|Any CPU
		{4AACC038-DAF7-4F43-9AB1-61613FF501F8}.Release|Any CPU.ActiveCfg = Release|Any CPU
		{4AACC038-DAF7-4F43-9AB1-61613FF501F8}.Release|Any CPU.Build.0 = Release|Any CPU
		{831136B0-4A68-4D46-8C79-C1D63B822968}.Debug|Any CPU.ActiveCfg = Debug|Any CPU
		{831136B0-4A68-4D46-8C79-C1D63B822968}.Debug|Any CPU.Build.0 = Debug|Any CPU
		{831136B0-4A68-4D46-8C79-C1D63B822968}.Release|Any CPU.ActiveCfg = Release|Any CPU
		{831136B0-4A68-4D46-8C79-C1D63B822968}.Release|Any CPU.Build.0 = Release|Any CPU
		{1307EDFE-1676-4729-A323-EE58DA21D976}.Debug|Any CPU.ActiveCfg = Debug|Any CPU
		{1307EDFE-1676-4729-A323-EE58DA21D976}.Debug|Any CPU.Build.0 = Debug|Any CPU
		{1307EDFE-1676-4729-A323-EE58DA21D976}.Release|Any CPU.ActiveCfg = Release|Any CPU
		{1307EDFE-1676-4729-A323-EE58DA21D976}.Release|Any CPU.Build.0 = Release|Any CPU
		{541A1474-6AF6-4A92-B9D7-8AF39AC4B10B}.Debug|Any CPU.ActiveCfg = Debug|Any CPU
		{541A1474-6AF6-4A92-B9D7-8AF39AC4B10B}.Debug|Any CPU.Build.0 = Debug|Any CPU
		{541A1474-6AF6-4A92-B9D7-8AF39AC4B10B}.Release|Any CPU.ActiveCfg = Release|Any CPU
		{541A1474-6AF6-4A92-B9D7-8AF39AC4B10B}.Release|Any CPU.Build.0 = Release|Any CPU
	EndGlobalSection
	GlobalSection(SolutionProperties) = preSolution
		HideSolutionNode = FALSE
	EndGlobalSection
	GlobalSection(NestedProjects) = preSolution
		{4AACC038-DAF7-4F43-9AB1-61613FF501F8} = {DB85B187-424E-4B30-B2B7-28196E66A015}
		{831136B0-4A68-4D46-8C79-C1D63B822968} = {DB85B187-424E-4B30-B2B7-28196E66A015}
	EndGlobalSection
	GlobalSection(ExtensibilityGlobals) = postSolution
		SolutionGuid = {90352664-D523-4120-9412-2DB6BC095DB2}
	EndGlobalSection
EndGlobal
